
Microsoft Visual Studio Solution File, Format Version 12.00
# Visual Studio Version 17
VisualStudioVersion = 17.2.32630.192
MinimumVisualStudioVersion = 10.0.40219.1
Project("{FAE04EC0-301F-11D3-BF4B-00C04F79EFBC}") = "WebApplication1", "WebApplication1\WebApplication1.csproj", "{F0AF0A64-2F64-4CC5-A8C2-8E312E0A27C8}"
EndProject
Global
	GlobalSection(SolutionConfigurationPlatforms) = preSolution
		Debug|Any CPU = Debug|Any CPU
		Release|Any CPU = Release|Any CPU
	EndGlobalSection
	GlobalSection(ProjectConfigurationPlatforms) = postSolution
		{F0AF0A64-2F64-4CC5-A8C2-8E312E0A27C8}.Debug|Any CPU.ActiveCfg = Debug|Any CPU
		{F0AF0A64-2F64-4CC5-A8C2-8E312E0A27C8}.Debug|Any CPU.Build.0 = Debug|Any CPU
		{F0AF0A64-2F64-4CC5-A8C2-8E312E0A27C8}.Release|Any CPU.ActiveCfg = Release|Any CPU
		{F0AF0A64-2F64-4CC5-A8C2-8E312E0A27C8}.Release|Any CPU.Build.0 = Release|Any CPU
	EndGlobalSection
	GlobalSection(SolutionProperties) = preSolution
		HideSolutionNode = FALSE
	EndGlobalSection
	GlobalSection(ExtensibilityGlobals) = postSolution
		SolutionGuid = {96AAD204-5549-435B-8ADB-40D0016BA6A8}
	EndGlobalSection
EndGlobal
